
Microsoft Visual Studio Solution File, Format Version 12.00
# Visual Studio Version 17
VisualStudioVersion = 17.10.35027.167
MinimumVisualStudioVersion = 10.0.40219.1
Project("{FAE04EC0-301F-11D3-BF4B-00C04F79EFBC}") = "AppSenhaJL&LH", "AppSenhaJL&LH\AppSenhaJL&LH.csproj", "{7F9F2835-F7DD-449E-ACA1-DAE4F8DC0C7A}"
EndProject
Global
	GlobalSection(SolutionConfigurationPlatforms) = preSolution
		Debug|Any CPU = Debug|Any CPU
		Release|Any CPU = Release|Any CPU
	EndGlobalSection
	GlobalSection(ProjectConfigurationPlatforms) = postSolution
		{7F9F2835-F7DD-449E-ACA1-DAE4F8DC0C7A}.Debug|Any CPU.ActiveCfg = Debug|Any CPU
		{7F9F2835-F7DD-449E-ACA1-DAE4F8DC0C7A}.Debug|Any CPU.Build.0 = Debug|Any CPU
		{7F9F2835-F7DD-449E-ACA1-DAE4F8DC0C7A}.Release|Any CPU.ActiveCfg = Release|Any CPU
		{7F9F2835-F7DD-449E-ACA1-DAE4F8DC0C7A}.Release|Any CPU.Build.0 = Release|Any CPU
	EndGlobalSection
	GlobalSection(SolutionProperties) = preSolution
		HideSolutionNode = FALSE
	EndGlobalSection
	GlobalSection(ExtensibilityGlobals) = postSolution
		SolutionGuid = {A1782B60-00E4-4820-91A0-F8B71934293D}
	EndGlobalSection
EndGlobal
